
Microsoft Visual Studio Solution File, Format Version 11.00
# Visual Studio 2010
Project("{2150E333-8FDC-42A3-9474-1A3956D46DE8}") = "Solution Items", "Solution Items", "{5069138A-0A10-4BD0-9513-22362470AD7B}"
EndProject
Project("{2150E333-8FDC-42A3-9474-1A3956D46DE8}") = "Source", "Source", "{93CDDE2E-0FBD-45EA-9559-DE9AC6B2B10E}"
EndProject
Project("{2150E333-8FDC-42A3-9474-1A3956D46DE8}") = "Tests", "Tests", "{D7893BE7-6D8C-47BF-B1D4-FA1ED1FD8E21}"
EndProject
Project("{FAE04EC0-301F-11D3-BF4B-00C04F79EFBC}") = "MefContrib", "MefContrib\MefContrib.csproj", "{0CCE812A-F4EB-4379-B820-D8ADA4330235}"
EndProject
Project("{FAE04EC0-301F-11D3-BF4B-00C04F79EFBC}") = "MefContrib.Integration.Unity", "MefContrib.Integration.Unity\MefContrib.Integration.Unity.csproj", "{24A770F8-AF0E-400F-8ABB-3FD68617103E}"
EndProject
Project("{FAE04EC0-301F-11D3-BF4B-00C04F79EFBC}") = "MefContrib.Integration.Unity.Tests", "MefContrib.Integration.Unity.Tests\MefContrib.Integration.Unity.Tests.csproj", "{6E7966F6-E59B-4937-80E5-D4EF19B1A62C}"
EndProject
Project("{FAE04EC0-301F-11D3-BF4B-00C04F79EFBC}") = "MefContrib.Hosting.Generics", "MefContrib.Hosting.Generics\MefContrib.Hosting.Generics.csproj", "{71995B8F-6F3A-4B10-8332-9E434E77F10C}"
EndProject
Project("{FAE04EC0-301F-11D3-BF4B-00C04F79EFBC}") = "MefContrib.Hosting.Generics.Tests", "MefContrib.Hosting.Generics.Tests\MefContrib.Hosting.Generics.Tests.csproj", "{93B8590A-2CAD-4DEE-B3B9-5BC47F7089F4}"
EndProject
Project("{FAE04EC0-301F-11D3-BF4B-00C04F79EFBC}") = "MefContrib.Hosting.Conventions", "MefContrib.Hosting.Conventions\MefContrib.Hosting.Conventions.csproj", "{E76F737F-0B5F-48E4-85AF-0D4B2B498646}"
EndProject
Project("{FAE04EC0-301F-11D3-BF4B-00C04F79EFBC}") = "MefContrib.Hosting.Conventions.Tests", "MefContrib.Hosting.Conventions.Tests\MefContrib.Hosting.Conventions.Tests.csproj", "{6A753E8E-FD57-4423-BB90-9010435C4067}"
EndProject
Project("{FAE04EC0-301F-11D3-BF4B-00C04F79EFBC}") = "MefContrib.Tests", "MefContrib.Tests\MefContrib.Tests.csproj", "{AB89B800-89A4-40A5-84BC-9DD0623D18B7}"
EndProject
Project("{FAE04EC0-301F-11D3-BF4B-00C04F79EFBC}") = "MefContrib.Interception", "MefContrib.Interception\MefContrib.Interception.csproj", "{11F6AAB8-BF84-4F7B-A03A-7A5972A15F38}"
EndProject
Project("{FAE04EC0-301F-11D3-BF4B-00C04F79EFBC}") = "MefContrib.Interception.Castle", "MefContrib.Interception.Castle\MefContrib.Interception.Castle.csproj", "{842EAC3A-8601-48B0-9023-3B23A3EE7759}"
EndProject
Project("{FAE04EC0-301F-11D3-BF4B-00C04F79EFBC}") = "MefContrib.Interception.Tests", "MefContrib.Interception.Tests\MefContrib.Interception.Tests.csproj", "{DF074D3B-DA4A-42CA-8E9C-513B729572E9}"
EndProject
Global
	GlobalSection(SolutionConfigurationPlatforms) = preSolution
		Debug|Any CPU = Debug|Any CPU
		Release|Any CPU = Release|Any CPU
	EndGlobalSection
	GlobalSection(ProjectConfigurationPlatforms) = postSolution
		{0CCE812A-F4EB-4379-B820-D8ADA4330235}.Debug|Any CPU.ActiveCfg = Debug|Any CPU
		{0CCE812A-F4EB-4379-B820-D8ADA4330235}.Debug|Any CPU.Build.0 = Debug|Any CPU
		{0CCE812A-F4EB-4379-B820-D8ADA4330235}.Release|Any CPU.ActiveCfg = Release|Any CPU
		{0CCE812A-F4EB-4379-B820-D8ADA4330235}.Release|Any CPU.Build.0 = Release|Any CPU
		{24A770F8-AF0E-400F-8ABB-3FD68617103E}.Debug|Any CPU.ActiveCfg = Debug|Any CPU
		{24A770F8-AF0E-400F-8ABB-3FD68617103E}.Debug|Any CPU.Build.0 = Debug|Any CPU
		{24A770F8-AF0E-400F-8ABB-3FD68617103E}.Release|Any CPU.ActiveCfg = Release|Any CPU
		{24A770F8-AF0E-400F-8ABB-3FD68617103E}.Release|Any CPU.Build.0 = Release|Any CPU
		{6E7966F6-E59B-4937-80E5-D4EF19B1A62C}.Debug|Any CPU.ActiveCfg = Debug|Any CPU
		{6E7966F6-E59B-4937-80E5-D4EF19B1A62C}.Debug|Any CPU.Build.0 = Debug|Any CPU
		{6E7966F6-E59B-4937-80E5-D4EF19B1A62C}.Release|Any CPU.ActiveCfg = Release|Any CPU
		{6E7966F6-E59B-4937-80E5-D4EF19B1A62C}.Release|Any CPU.Build.0 = Release|Any CPU
		{71995B8F-6F3A-4B10-8332-9E434E77F10C}.Debug|Any CPU.ActiveCfg = Debug|Any CPU
		{71995B8F-6F3A-4B10-8332-9E434E77F10C}.Debug|Any CPU.Build.0 = Debug|Any CPU
		{71995B8F-6F3A-4B10-8332-9E434E77F10C}.Release|Any CPU.ActiveCfg = Release|Any CPU
		{71995B8F-6F3A-4B10-8332-9E434E77F10C}.Release|Any CPU.Build.0 = Release|Any CPU
		{93B8590A-2CAD-4DEE-B3B9-5BC47F7089F4}.Debug|Any CPU.ActiveCfg = Debug|Any CPU
		{93B8590A-2CAD-4DEE-B3B9-5BC47F7089F4}.Debug|Any CPU.Build.0 = Debug|Any CPU
		{93B8590A-2CAD-4DEE-B3B9-5BC47F7089F4}.Release|Any CPU.ActiveCfg = Release|Any CPU
		{93B8590A-2CAD-4DEE-B3B9-5BC47F7089F4}.Release|Any CPU.Build.0 = Release|Any CPU
		{E76F737F-0B5F-48E4-85AF-0D4B2B498646}.Debug|Any CPU.ActiveCfg = Debug|Any CPU
		{E76F737F-0B5F-48E4-85AF-0D4B2B498646}.Debug|Any CPU.Build.0 = Debug|Any CPU
		{E76F737F-0B5F-48E4-85AF-0D4B2B498646}.Release|Any CPU.ActiveCfg = Release|Any CPU
		{E76F737F-0B5F-48E4-85AF-0D4B2B498646}.Release|Any CPU.Build.0 = Release|Any CPU
		{6A753E8E-FD57-4423-BB90-9010435C4067}.Debug|Any CPU.ActiveCfg = Debug|Any CPU
		{6A753E8E-FD57-4423-BB90-9010435C4067}.Debug|Any CPU.Build.0 = Debug|Any CPU
		{6A753E8E-FD57-4423-BB90-9010435C4067}.Release|Any CPU.ActiveCfg = Release|Any CPU
		{6A753E8E-FD57-4423-BB90-9010435C4067}.Release|Any CPU.Build.0 = Release|Any CPU
		{AB89B800-89A4-40A5-84BC-9DD0623D18B7}.Debug|Any CPU.ActiveCfg = Debug|Any CPU
		{AB89B800-89A4-40A5-84BC-9DD0623D18B7}.Debug|Any CPU.Build.0 = Debug|Any CPU
		{AB89B800-89A4-40A5-84BC-9DD0623D18B7}.Release|Any CPU.ActiveCfg = Release|Any CPU
		{AB89B800-89A4-40A5-84BC-9DD0623D18B7}.Release|Any CPU.Build.0 = Release|Any CPU
		{11F6AAB8-BF84-4F7B-A03A-7A5972A15F38}.Debug|Any CPU.ActiveCfg = Debug|Any CPU
		{11F6AAB8-BF84-4F7B-A03A-7A5972A15F38}.Debug|Any CPU.Build.0 = Debug|Any CPU
		{11F6AAB8-BF84-4F7B-A03A-7A5972A15F38}.Release|Any CPU.ActiveCfg = Release|Any CPU
		{11F6AAB8-BF84-4F7B-A03A-7A5972A15F38}.Release|Any CPU.Build.0 = Release|Any CPU
		{842EAC3A-8601-48B0-9023-3B23A3EE7759}.Debug|Any CPU.ActiveCfg = Debug|Any CPU
		{842EAC3A-8601-48B0-9023-3B23A3EE7759}.Debug|Any CPU.Build.0 = Debug|Any CPU
		{842EAC3A-8601-48B0-9023-3B23A3EE7759}.Release|Any CPU.ActiveCfg = Release|Any CPU
		{842EAC3A-8601-48B0-9023-3B23A3EE7759}.Release|Any CPU.Build.0 = Release|Any CPU
		{DF074D3B-DA4A-42CA-8E9C-513B729572E9}.Debug|Any CPU.ActiveCfg = Debug|Any CPU
		{DF074D3B-DA4A-42CA-8E9C-513B729572E9}.Debug|Any CPU.Build.0 = Debug|Any CPU
		{DF074D3B-DA4A-42CA-8E9C-513B729572E9}.Release|Any CPU.ActiveCfg = Release|Any CPU
		{DF074D3B-DA4A-42CA-8E9C-513B729572E9}.Release|Any CPU.Build.0 = Release|Any CPU
	EndGlobalSection
	GlobalSection(SolutionProperties) = preSolution
		HideSolutionNode = FALSE
	EndGlobalSection
	GlobalSection(NestedProjects) = preSolution
		{0CCE812A-F4EB-4379-B820-D8ADA4330235} = {93CDDE2E-0FBD-45EA-9559-DE9AC6B2B10E}
		{24A770F8-AF0E-400F-8ABB-3FD68617103E} = {93CDDE2E-0FBD-45EA-9559-DE9AC6B2B10E}
		{71995B8F-6F3A-4B10-8332-9E434E77F10C} = {93CDDE2E-0FBD-45EA-9559-DE9AC6B2B10E}
		{E76F737F-0B5F-48E4-85AF-0D4B2B498646} = {93CDDE2E-0FBD-45EA-9559-DE9AC6B2B10E}
		{11F6AAB8-BF84-4F7B-A03A-7A5972A15F38} = {93CDDE2E-0FBD-45EA-9559-DE9AC6B2B10E}
		{842EAC3A-8601-48B0-9023-3B23A3EE7759} = {93CDDE2E-0FBD-45EA-9559-DE9AC6B2B10E}
		{6E7966F6-E59B-4937-80E5-D4EF19B1A62C} = {D7893BE7-6D8C-47BF-B1D4-FA1ED1FD8E21}
		{93B8590A-2CAD-4DEE-B3B9-5BC47F7089F4} = {D7893BE7-6D8C-47BF-B1D4-FA1ED1FD8E21}
		{6A753E8E-FD57-4423-BB90-9010435C4067} = {D7893BE7-6D8C-47BF-B1D4-FA1ED1FD8E21}
		{AB89B800-89A4-40A5-84BC-9DD0623D18B7} = {D7893BE7-6D8C-47BF-B1D4-FA1ED1FD8E21}
		{DF074D3B-DA4A-42CA-8E9C-513B729572E9} = {D7893BE7-6D8C-47BF-B1D4-FA1ED1FD8E21}
	EndGlobalSection
EndGlobal
