
Microsoft Visual Studio Solution File, Format Version 11.00
# Visual Studio 2010
Project("{2150E333-8FDC-42A3-9474-1A3956D46DE8}") = "Solution Items", "Solution Items", "{5069138A-0A10-4BD0-9513-22362470AD7B}"
EndProject
Project("{FAE04EC0-301F-11D3-BF4B-00C04F79EFBC}") = "MefContrib.Hosting.Conventions.Silverlight", "MefContrib.Hosting.Conventions\MefContrib.Hosting.Conventions.Silverlight.csproj", "{346FED7E-DD26-47E5-94CF-8037C4B34098}"
EndProject
Project("{FAE04EC0-301F-11D3-BF4B-00C04F79EFBC}") = "MefContrib.Hosting.Generics.Silverlight", "MefContrib.Hosting.Generics\MefContrib.Hosting.Generics.Silverlight.csproj", "{20C89BB4-B536-40A9-AC0C-97E3624EAD9D}"
EndProject
Project("{FAE04EC0-301F-11D3-BF4B-00C04F79EFBC}") = "MefContrib.Integration.Unity.Silverlight", "MefContrib.Integration.Unity\MefContrib.Integration.Unity.Silverlight.csproj", "{74BCB6C5-0463-4A72-93E4-F19AFCBA1EF8}"
EndProject
Global
	GlobalSection(SolutionConfigurationPlatforms) = preSolution
		Debug|x86 = Debug|x86
		Release|x86 = Release|x86
	EndGlobalSection
	GlobalSection(ProjectConfigurationPlatforms) = postSolution
		{346FED7E-DD26-47E5-94CF-8037C4B34098}.Debug|x86.ActiveCfg = Debug|x86
		{346FED7E-DD26-47E5-94CF-8037C4B34098}.Debug|x86.Build.0 = Debug|x86
		{346FED7E-DD26-47E5-94CF-8037C4B34098}.Release|x86.ActiveCfg = Release|x86
		{346FED7E-DD26-47E5-94CF-8037C4B34098}.Release|x86.Build.0 = Release|x86
		{20C89BB4-B536-40A9-AC0C-97E3624EAD9D}.Debug|x86.ActiveCfg = Debug|x86
		{20C89BB4-B536-40A9-AC0C-97E3624EAD9D}.Debug|x86.Build.0 = Debug|x86
		{20C89BB4-B536-40A9-AC0C-97E3624EAD9D}.Release|x86.ActiveCfg = Release|x86
		{20C89BB4-B536-40A9-AC0C-97E3624EAD9D}.Release|x86.Build.0 = Release|x86
		{74BCB6C5-0463-4A72-93E4-F19AFCBA1EF8}.Debug|x86.ActiveCfg = Debug|x86
		{74BCB6C5-0463-4A72-93E4-F19AFCBA1EF8}.Debug|x86.Build.0 = Debug|x86
		{74BCB6C5-0463-4A72-93E4-F19AFCBA1EF8}.Release|x86.ActiveCfg = Release|x86
		{74BCB6C5-0463-4A72-93E4-F19AFCBA1EF8}.Release|x86.Build.0 = Release|x86
	EndGlobalSection
	GlobalSection(SolutionProperties) = preSolution
		HideSolutionNode = FALSE
	EndGlobalSection
EndGlobal
